// !$*UTF8*$!
{
	archiveVersion = 1;
	classes = {
	};
	objectVersion = 56;
	objects = {

/* Begin PBXBuildFile section */
		2A0F406B2B0536B900C97C7B /* SecondInterviewRestAPIApp.swift in Sources */ = {isa = PBXBuildFile; fileRef = 2A0F406A2B0536B900C97C7B /* SecondInterviewRestAPIApp.swift */; };
		2A0F406D2B0536B900C97C7B /* OrdersView.swift in Sources */ = {isa = PBXBuildFile; fileRef = 2A0F406C2B0536B900C97C7B /* OrdersView.swift */; };
		2A0F406F2B0536BD00C97C7B /* Assets.xcassets in Resources */ = {isa = PBXBuildFile; fileRef = 2A0F406E2B0536BD00C97C7B /* Assets.xcassets */; };
		2A0F40722B0536BD00C97C7B /* Preview Assets.xcassets in Resources */ = {isa = PBXBuildFile; fileRef = 2A0F40712B0536BD00C97C7B /* Preview Assets.xcassets */; };
		2A0F407A2B05472500C97C7B /* OrdersViewModel.swift in Sources */ = {isa = PBXBuildFile; fileRef = 2A0F40792B05472500C97C7B /* OrdersViewModel.swift */; };
		2A0F407E2B05479700C97C7B /* Order.swift in Sources */ = {isa = PBXBuildFile; fileRef = 2A0F407D2B05479700C97C7B /* Order.swift */; };
		2A0F40802B0547F800C97C7B /* Item.swift in Sources */ = {isa = PBXBuildFile; fileRef = 2A0F407F2B0547F800C97C7B /* Item.swift */; };
		2A0F40822B054BD200C97C7B /* OrderResponse.swift in Sources */ = {isa = PBXBuildFile; fileRef = 2A0F40812B054BD200C97C7B /* OrderResponse.swift */; };
		2A0F40842B05509D00C97C7B /* Purchaser.swift in Sources */ = {isa = PBXBuildFile; fileRef = 2A0F40832B05509D00C97C7B /* Purchaser.swift */; };
		2A0F40872B05510500C97C7B /* Array + EXT.swift in Sources */ = {isa = PBXBuildFile; fileRef = 2A0F40862B05510500C97C7B /* Array + EXT.swift */; };
		2A0F40892B05740800C97C7B /* Constants.swift in Sources */ = {isa = PBXBuildFile; fileRef = 2A0F40882B05740800C97C7B /* Constants.swift */; };
		2A0F408C2B0574CF00C97C7B /* OrderDetailView.swift in Sources */ = {isa = PBXBuildFile; fileRef = 2A0F408B2B0574CF00C97C7B /* OrderDetailView.swift */; };
/* End PBXBuildFile section */

/* Begin PBXFileReference section */
		2A0F40672B0536B900C97C7B /* SecondInterviewRestAPI.app */ = {isa = PBXFileReference; explicitFileType = wrapper.application; includeInIndex = 0; path = SecondInterviewRestAPI.app; sourceTree = BUILT_PRODUCTS_DIR; };
		2A0F406A2B0536B900C97C7B /* SecondInterviewRestAPIApp.swift */ = {isa = PBXFileReference; lastKnownFileType = sourcecode.swift; path = SecondInterviewRestAPIApp.swift; sourceTree = "<group>"; };
		2A0F406C2B0536B900C97C7B /* OrdersView.swift */ = {isa = PBXFileReference; lastKnownFileType = sourcecode.swift; path = OrdersView.swift; sourceTree = "<group>"; };
		2A0F406E2B0536BD00C97C7B /* Assets.xcassets */ = {isa = PBXFileReference; lastKnownFileType = folder.assetcatalog; path = Assets.xcassets; sourceTree = "<group>"; };
		2A0F40712B0536BD00C97C7B /* Preview Assets.xcassets */ = {isa = PBXFileReference; lastKnownFileType = folder.assetcatalog; path = "Preview Assets.xcassets"; sourceTree = "<group>"; };
		2A0F40792B05472500C97C7B /* OrdersViewModel.swift */ = {isa = PBXFileReference; lastKnownFileType = sourcecode.swift; path = OrdersViewModel.swift; sourceTree = "<group>"; };
		2A0F407D2B05479700C97C7B /* Order.swift */ = {isa = PBXFileReference; lastKnownFileType = sourcecode.swift; path = Order.swift; sourceTree = "<group>"; };
		2A0F407F2B0547F800C97C7B /* Item.swift */ = {isa = PBXFileReference; lastKnownFileType = sourcecode.swift; path = Item.swift; sourceTree = "<group>"; };
		2A0F40812B054BD200C97C7B /* OrderResponse.swift */ = {isa = PBXFileReference; lastKnownFileType = sourcecode.swift; path = OrderResponse.swift; sourceTree = "<group>"; };
		2A0F40832B05509D00C97C7B /* Purchaser.swift */ = {isa = PBXFileReference; lastKnownFileType = sourcecode.swift; path = Purchaser.swift; sourceTree = "<group>"; };
		2A0F40862B05510500C97C7B /* Array + EXT.swift */ = {isa = PBXFileReference; lastKnownFileType = sourcecode.swift; path = "Array + EXT.swift"; sourceTree = "<group>"; };
		2A0F40882B05740800C97C7B /* Constants.swift */ = {isa = PBXFileReference; lastKnownFileType = sourcecode.swift; path = Constants.swift; sourceTree = "<group>"; };
		2A0F408B2B0574CF00C97C7B /* OrderDetailView.swift */ = {isa = PBXFileReference; lastKnownFileType = sourcecode.swift; path = OrderDetailView.swift; sourceTree = "<group>"; };
/* End PBXFileReference section */

/* Begin PBXFrameworksBuildPhase section */
		2A0F40642B0536B900C97C7B /* Frameworks */ = {
			isa = PBXFrameworksBuildPhase;
			buildActionMask = 2147483647;
			files = (
			);
			runOnlyForDeploymentPostprocessing = 0;
		};
/* End PBXFrameworksBuildPhase section */

/* Begin PBXGroup section */
		2A0F405E2B0536B900C97C7B = {
			isa = PBXGroup;
			children = (
				2A0F40692B0536B900C97C7B /* SecondInterviewRestAPI */,
				2A0F40682B0536B900C97C7B /* Products */,
			);
			sourceTree = "<group>";
		};
		2A0F40682B0536B900C97C7B /* Products */ = {
			isa = PBXGroup;
			children = (
				2A0F40672B0536B900C97C7B /* SecondInterviewRestAPI.app */,
			);
			name = Products;
			sourceTree = "<group>";
		};
		2A0F40692B0536B900C97C7B /* SecondInterviewRestAPI */ = {
			isa = PBXGroup;
			children = (
				2A0F406A2B0536B900C97C7B /* SecondInterviewRestAPIApp.swift */,
				2A0F407C2B05478900C97C7B /* Model */,
				2A0F40782B05471100C97C7B /* View */,
				2A0F407B2B05475100C97C7B /* ViewModel */,
				2A0F40852B0550F800C97C7B /* Extensions */,
				2A0F406E2B0536BD00C97C7B /* Assets.xcassets */,
				2A0F40702B0536BD00C97C7B /* Preview Content */,
			);
			path = SecondInterviewRestAPI;
			sourceTree = "<group>";
		};
		2A0F40702B0536BD00C97C7B /* Preview Content */ = {
			isa = PBXGroup;
			children = (
				2A0F40712B0536BD00C97C7B /* Preview Assets.xcassets */,
			);
			path = "Preview Content";
			sourceTree = "<group>";
		};
		2A0F40782B05471100C97C7B /* View */ = {
			isa = PBXGroup;
			children = (
				2A0F40882B05740800C97C7B /* Constants.swift */,
				2A0F406C2B0536B900C97C7B /* OrdersView.swift */,
				2A0F408A2B0574BE00C97C7B /* Subviews */,
			);
			path = View;
			sourceTree = "<group>";
		};
		2A0F407B2B05475100C97C7B /* ViewModel */ = {
			isa = PBXGroup;
			children = (
				2A0F40792B05472500C97C7B /* OrdersViewModel.swift */,
			);
			path = ViewModel;
			sourceTree = "<group>";
		};
		2A0F407C2B05478900C97C7B /* Model */ = {
			isa = PBXGroup;
			children = (
				2A0F407D2B05479700C97C7B /* Order.swift */,
				2A0F407F2B0547F800C97C7B /* Item.swift */,
				2A0F40832B05509D00C97C7B /* Purchaser.swift */,
				2A0F40812B054BD200C97C7B /* OrderResponse.swift */,
			);
			path = Model;
			sourceTree = "<group>";
		};
		2A0F40852B0550F800C97C7B /* Extensions */ = {
			isa = PBXGroup;
			children = (
				2A0F40862B05510500C97C7B /* Array + EXT.swift */,
			);
			path = Extensions;
			sourceTree = "<group>";
		};
		2A0F408A2B0574BE00C97C7B /* Subviews */ = {
			isa = PBXGroup;
			children = (
				2A0F408B2B0574CF00C97C7B /* OrderDetailView.swift */,
			);
			path = Subviews;
			sourceTree = "<group>";
		};
/* End PBXGroup section */

/* Begin PBXNativeTarget section */
		2A0F40662B0536B900C97C7B /* SecondInterviewRestAPI */ = {
			isa = PBXNativeTarget;
			buildConfigurationList = 2A0F40752B0536BD00C97C7B /* Build configuration list for PBXNativeTarget "SecondInterviewRestAPI" */;
			buildPhases = (
				2A0F40632B0536B900C97C7B /* Sources */,
				2A0F40642B0536B900C97C7B /* Frameworks */,
				2A0F40652B0536B900C97C7B /* Resources */,
			);
			buildRules = (
			);
			dependencies = (
			);
			name = SecondInterviewRestAPI;
			productName = SecondInterviewRestAPI;
			productReference = 2A0F40672B0536B900C97C7B /* SecondInterviewRestAPI.app */;
			productType = "com.apple.product-type.application";
		};
/* End PBXNativeTarget section */

/* Begin PBXProject section */
		2A0F405F2B0536B900C97C7B /* Project object */ = {
			isa = PBXProject;
			attributes = {
				BuildIndependentTargetsInParallel = 1;
				LastSwiftUpdateCheck = 1500;
				LastUpgradeCheck = 1500;
				TargetAttributes = {
					2A0F40662B0536B900C97C7B = {
						CreatedOnToolsVersion = 15.0.1;
					};
				};
			};
			buildConfigurationList = 2A0F40622B0536B900C97C7B /* Build configuration list for PBXProject "SecondInterviewRestAPI" */;
			compatibilityVersion = "Xcode 14.0";
			developmentRegion = en;
			hasScannedForEncodings = 0;
			knownRegions = (
				en,
				Base,
			);
			mainGroup = 2A0F405E2B0536B900C97C7B;
			productRefGroup = 2A0F40682B0536B900C97C7B /* Products */;
			projectDirPath = "";
			projectRoot = "";
			targets = (
				2A0F40662B0536B900C97C7B /* SecondInterviewRestAPI */,
			);
		};
/* End PBXProject section */

/* Begin PBXResourcesBuildPhase section */
		2A0F40652B0536B900C97C7B /* Resources */ = {
			isa = PBXResourcesBuildPhase;
			buildActionMask = 2147483647;
			files = (
				2A0F40722B0536BD00C97C7B /* Preview Assets.xcassets in Resources */,
				2A0F406F2B0536BD00C97C7B /* Assets.xcassets in Resources */,
			);
			runOnlyForDeploymentPostprocessing = 0;
		};
/* End PBXResourcesBuildPhase section */

/* Begin PBXSourcesBuildPhase section */
		2A0F40632B0536B900C97C7B /* Sources */ = {
			isa = PBXSourcesBuildPhase;
			buildActionMask = 2147483647;
			files = (
				2A0F40842B05509D00C97C7B /* Purchaser.swift in Sources */,
				2A0F40802B0547F800C97C7B /* Item.swift in Sources */,
				2A0F40822B054BD200C97C7B /* OrderResponse.swift in Sources */,
				2A0F406D2B0536B900C97C7B /* OrdersView.swift in Sources */,
				2A0F408C2B0574CF00C97C7B /* OrderDetailView.swift in Sources */,
				2A0F407A2B05472500C97C7B /* OrdersViewModel.swift in Sources */,
				2A0F407E2B05479700C97C7B /* Order.swift in Sources */,
				2A0F406B2B0536B900C97C7B /* SecondInterviewRestAPIApp.swift in Sources */,
				2A0F40872B05510500C97C7B /* Array + EXT.swift in Sources */,
				2A0F40892B05740800C97C7B /* Constants.swift in Sources */,
			);
			runOnlyForDeploymentPostprocessing = 0;
		};
/* End PBXSourcesBuildPhase section */

/* Begin XCBuildConfiguration section */
		2A0F40732B0536BD00C97C7B /* Debug */ = {
			isa = XCBuildConfiguration;
			buildSettings = {
				ALWAYS_SEARCH_USER_PATHS = NO;
				ASSETCATALOG_COMPILER_GENERATE_SWIFT_ASSET_SYMBOL_EXTENSIONS = YES;
				CLANG_ANALYZER_NONNULL = YES;
				CLANG_ANALYZER_NUMBER_OBJECT_CONVERSION = YES_AGGRESSIVE;
				CLANG_CXX_LANGUAGE_STANDARD = "gnu++20";
				CLANG_ENABLE_MODULES = YES;
				CLANG_ENABLE_OBJC_ARC = YES;
				CLANG_ENABLE_OBJC_WEAK = YES;
				CLANG_WARN_BLOCK_CAPTURE_AUTORELEASING = YES;
				CLANG_WARN_BOOL_CONVERSION = YES;
				CLANG_WARN_COMMA = YES;
				CLANG_WARN_CONSTANT_CONVERSION = YES;
				CLANG_WARN_DEPRECATED_OBJC_IMPLEMENTATIONS = YES;
				CLANG_WARN_DIRECT_OBJC_ISA_USAGE = YES_ERROR;
				CLANG_WARN_DOCUMENTATION_COMMENTS = YES;
				CLANG_WARN_EMPTY_BODY = YES;
				CLANG_WARN_ENUM_CONVERSION = YES;
				CLANG_WARN_INFINITE_RECURSION = YES;
				CLANG_WARN_INT_CONVERSION = YES;
				CLANG_WARN_NON_LITERAL_NULL_CONVERSION = YES;
				CLANG_WARN_OBJC_IMPLICIT_RETAIN_SELF = YES;
				CLANG_WARN_OBJC_LITERAL_CONVERSION = YES;
				CLANG_WARN_OBJC_ROOT_CLASS = YES_ERROR;
				CLANG_WARN_QUOTED_INCLUDE_IN_FRAMEWORK_HEADER = YES;
				CLANG_WARN_RANGE_LOOP_ANALYSIS = YES;
				CLANG_WARN_STRICT_PROTOTYPES = YES;
				CLANG_WARN_SUSPICIOUS_MOVE = YES;
				CLANG_WARN_UNGUARDED_AVAILABILITY = YES_AGGRESSIVE;
				CLANG_WARN_UNREACHABLE_CODE = YES;
				CLANG_WARN__DUPLICATE_METHOD_MATCH = YES;
				COPY_PHASE_STRIP = NO;
				DEBUG_INFORMATION_FORMAT = dwarf;
				ENABLE_STRICT_OBJC_MSGSEND = YES;
				ENABLE_TESTABILITY = YES;
				ENABLE_USER_SCRIPT_SANDBOXING = YES;
				GCC_C_LANGUAGE_STANDARD = gnu17;
				GCC_DYNAMIC_NO_PIC = NO;
				GCC_NO_COMMON_BLOCKS = YES;
				GCC_OPTIMIZATION_LEVEL = 0;
				GCC_PREPROCESSOR_DEFINITIONS = (
					"DEBUG=1",
					"$(inherited)",
				);
				GCC_WARN_64_TO_32_BIT_CONVERSION = YES;
				GCC_WARN_ABOUT_RETURN_TYPE = YES_ERROR;
				GCC_WARN_UNDECLARED_SELECTOR = YES;
				GCC_WARN_UNINITIALIZED_AUTOS = YES_AGGRESSIVE;
				GCC_WARN_UNUSED_FUNCTION = YES;
				GCC_WARN_UNUSED_VARIABLE = YES;
				IPHONEOS_DEPLOYMENT_TARGET = 17.0;
				LOCALIZATION_PREFERS_STRING_CATALOGS = YES;
				MTL_ENABLE_DEBUG_INFO = INCLUDE_SOURCE;
				MTL_FAST_MATH = YES;
				ONLY_ACTIVE_ARCH = YES;
				SDKROOT = iphoneos;
				SWIFT_ACTIVE_COMPILATION_CONDITIONS = "DEBUG $(inherited)";
				SWIFT_OPTIMIZATION_LEVEL = "-Onone";
			};
			name = Debug;
		};
		2A0F40742B0536BD00C97C7B /* Release */ = {
			isa = XCBuildConfiguration;
			buildSettings = {
				ALWAYS_SEARCH_USER_PATHS = NO;
				ASSETCATALOG_COMPILER_GENERATE_SWIFT_ASSET_SYMBOL_EXTENSIONS = YES;
				CLANG_ANALYZER_NONNULL = YES;
				CLANG_ANALYZER_NUMBER_OBJECT_CONVERSION = YES_AGGRESSIVE;
				CLANG_CXX_LANGUAGE_STANDARD = "gnu++20";
				CLANG_ENABLE_MODULES = YES;
				CLANG_ENABLE_OBJC_ARC = YES;
				CLANG_ENABLE_OBJC_WEAK = YES;
				CLANG_WARN_BLOCK_CAPTURE_AUTORELEASING = YES;
				CLANG_WARN_BOOL_CONVERSION = YES;
				CLANG_WARN_COMMA = YES;
				CLANG_WARN_CONSTANT_CONVERSION = YES;
				CLANG_WARN_DEPRECATED_OBJC_IMPLEMENTATIONS = YES;
				CLANG_WARN_DIRECT_OBJC_ISA_USAGE = YES_ERROR;
				CLANG_WARN_DOCUMENTATION_COMMENTS = YES;
				CLANG_WARN_EMPTY_BODY = YES;
				CLANG_WARN_ENUM_CONVERSION = YES;
				CLANG_WARN_INFINITE_RECURSION = YES;
				CLANG_WARN_INT_CONVERSION = YES;
				CLANG_WARN_NON_LITERAL_NULL_CONVERSION = YES;
				CLANG_WARN_OBJC_IMPLICIT_RETAIN_SELF = YES;
				CLANG_WARN_OBJC_LITERAL_CONVERSION = YES;
				CLANG_WARN_OBJC_ROOT_CLASS = YES_ERROR;
				CLANG_WARN_QUOTED_INCLUDE_IN_FRAMEWORK_HEADER = YES;
				CLANG_WARN_RANGE_LOOP_ANALYSIS = YES;
				CLANG_WARN_STRICT_PROTOTYPES = YES;
				CLANG_WARN_SUSPICIOUS_MOVE = YES;
				CLANG_WARN_UNGUARDED_AVAILABILITY = YES_AGGRESSIVE;
				CLANG_WARN_UNREACHABLE_CODE = YES;
				CLANG_WARN__DUPLICATE_METHOD_MATCH = YES;
				COPY_PHASE_STRIP = NO;
				DEBUG_INFORMATION_FORMAT = "dwarf-with-dsym";
				ENABLE_NS_ASSERTIONS = NO;
				ENABLE_STRICT_OBJC_MSGSEND = YES;
				ENABLE_USER_SCRIPT_SANDBOXING = YES;
				GCC_C_LANGUAGE_STANDARD = gnu17;
				GCC_NO_COMMON_BLOCKS = YES;
				GCC_WARN_64_TO_32_BIT_CONVERSION = YES;
				GCC_WARN_ABOUT_RETURN_TYPE = YES_ERROR;
				GCC_WARN_UNDECLARED_SELECTOR = YES;
				GCC_WARN_UNINITIALIZED_AUTOS = YES_AGGRESSIVE;
				GCC_WARN_UNUSED_FUNCTION = YES;
				GCC_WARN_UNUSED_VARIABLE = YES;
				IPHONEOS_DEPLOYMENT_TARGET = 17.0;
				LOCALIZATION_PREFERS_STRING_CATALOGS = YES;
				MTL_ENABLE_DEBUG_INFO = NO;
				MTL_FAST_MATH = YES;
				SDKROOT = iphoneos;
				SWIFT_COMPILATION_MODE = wholemodule;
				VALIDATE_PRODUCT = YES;
			};
			name = Release;
		};
		2A0F40762B0536BD00C97C7B /* Debug */ = {
			isa = XCBuildConfiguration;
			buildSettings = {
				ASSETCATALOG_COMPILER_APPICON_NAME = AppIcon;
				ASSETCATALOG_COMPILER_GLOBAL_ACCENT_COLOR_NAME = AccentColor;
				CODE_SIGN_STYLE = Automatic;
				CURRENT_PROJECT_VERSION = 1;
				DEVELOPMENT_ASSET_PATHS = "\"SecondInterviewRestAPI/Preview Content\"";
				DEVELOPMENT_TEAM = NM47636L92;
				ENABLE_PREVIEWS = YES;
				GENERATE_INFOPLIST_FILE = YES;
				INFOPLIST_KEY_UIApplicationSceneManifest_Generation = YES;
				INFOPLIST_KEY_UIApplicationSupportsIndirectInputEvents = YES;
				INFOPLIST_KEY_UILaunchScreen_Generation = YES;
				INFOPLIST_KEY_UISupportedInterfaceOrientations_iPad = "UIInterfaceOrientationPortrait UIInterfaceOrientationPortraitUpsideDown UIInterfaceOrientationLandscapeLeft UIInterfaceOrientationLandscapeRight";
				INFOPLIST_KEY_UISupportedInterfaceOrientations_iPhone = "UIInterfaceOrientationPortrait UIInterfaceOrientationLandscapeLeft UIInterfaceOrientationLandscapeRight";
				LD_RUNPATH_SEARCH_PATHS = (
					"$(inherited)",
					"@executable_path/Frameworks",
				);
				MARKETING_VERSION = 1.0;
				PRODUCT_BUNDLE_IDENTIFIER = com.loganwastlund.SecondInterviewRestAPI;
				PRODUCT_NAME = "$(TARGET_NAME)";
				SWIFT_EMIT_LOC_STRINGS = YES;
				SWIFT_VERSION = 5.0;
				TARGETED_DEVICE_FAMILY = "1,2";
			};
			name = Debug;
		};
		2A0F40772B0536BD00C97C7B /* Release */ = {
			isa = XCBuildConfiguration;
			buildSettings = {
				ASSETCATALOG_COMPILER_APPICON_NAME = AppIcon;
				ASSETCATALOG_COMPILER_GLOBAL_ACCENT_COLOR_NAME = AccentColor;
				CODE_SIGN_STYLE = Automatic;
				CURRENT_PROJECT_VERSION = 1;
				DEVELOPMENT_ASSET_PATHS = "\"SecondInterviewRestAPI/Preview Content\"";
				DEVELOPMENT_TEAM = NM47636L92;
				ENABLE_PREVIEWS = YES;
				GENERATE_INFOPLIST_FILE = YES;
				INFOPLIST_KEY_UIApplicationSceneManifest_Generation = YES;
				INFOPLIST_KEY_UIApplicationSupportsIndirectInputEvents = YES;
				INFOPLIST_KEY_UILaunchScreen_Generation = YES;
				INFOPLIST_KEY_UISupportedInterfaceOrientations_iPad = "UIInterfaceOrientationPortrait UIInterfaceOrientationPortraitUpsideDown UIInterfaceOrientationLandscapeLeft UIInterfaceOrientationLandscapeRight";
				INFOPLIST_KEY_UISupportedInterfaceOrientations_iPhone = "UIInterfaceOrientationPortrait UIInterfaceOrientationLandscapeLeft UIInterfaceOrientationLandscapeRight";
				LD_RUNPATH_SEARCH_PATHS = (
					"$(inherited)",
					"@executable_path/Frameworks",
				);
				MARKETING_VERSION = 1.0;
				PRODUCT_BUNDLE_IDENTIFIER = com.loganwastlund.SecondInterviewRestAPI;
				PRODUCT_NAME = "$(TARGET_NAME)";
				SWIFT_EMIT_LOC_STRINGS = YES;
				SWIFT_VERSION = 5.0;
				TARGETED_DEVICE_FAMILY = "1,2";
			};
			name = Release;
		};
/* End XCBuildConfiguration section */

/* Begin XCConfigurationList section */
		2A0F40622B0536B900C97C7B /* Build configuration list for PBXProject "SecondInterviewRestAPI" */ = {
			isa = XCConfigurationList;
			buildConfigurations = (
				2A0F40732B0536BD00C97C7B /* Debug */,
				2A0F40742B0536BD00C97C7B /* Release */,
			);
			defaultConfigurationIsVisible = 0;
			defaultConfigurationName = Release;
		};
		2A0F40752B0536BD00C97C7B /* Build configuration list for PBXNativeTarget "SecondInterviewRestAPI" */ = {
			isa = XCConfigurationList;
			buildConfigurations = (
				2A0F40762B0536BD00C97C7B /* Debug */,
				2A0F40772B0536BD00C97C7B /* Release */,
			);
			defaultConfigurationIsVisible = 0;
			defaultConfigurationName = Release;
		};
/* End XCConfigurationList section */
	};
	rootObject = 2A0F405F2B0536B900C97C7B /* Project object */;
}
